
Microsoft Visual Studio Solution File, Format Version 12.00
# Visual Studio 15
VisualStudioVersion = 15.0.28307.421
MinimumVisualStudioVersion = 10.0.40219.1
Project("{9A19103F-16F7-4668-BE54-9A1E7A4F7556}") = "InjectDependentionGetServiceByCtor", "InjectDependentionGetServiceByCtor.csproj", "{EF3B71B5-3359-4EE8-A808-70657D96C9F4}"
EndProject
Global
	GlobalSection(SolutionConfigurationPlatforms) = preSolution
		Debug|Any CPU = Debug|Any CPU
		Release|Any CPU = Release|Any CPU
	EndGlobalSection
	GlobalSection(ProjectConfigurationPlatforms) = postSolution
		{EF3B71B5-3359-4EE8-A808-70657D96C9F4}.Debug|Any CPU.ActiveCfg = Debug|Any CPU
		{EF3B71B5-3359-4EE8-A808-70657D96C9F4}.Debug|Any CPU.Build.0 = Debug|Any CPU
		{EF3B71B5-3359-4EE8-A808-70657D96C9F4}.Release|Any CPU.ActiveCfg = Release|Any CPU
		{EF3B71B5-3359-4EE8-A808-70657D96C9F4}.Release|Any CPU.Build.0 = Release|Any CPU
	EndGlobalSection
	GlobalSection(SolutionProperties) = preSolution
		HideSolutionNode = FALSE
	EndGlobalSection
	GlobalSection(ExtensibilityGlobals) = postSolution
		SolutionGuid = {21F9A3DF-76CF-44D1-8A63-439CFA346848}
	EndGlobalSection
EndGlobal
